// !$*UTF8*$!
{
	archiveVersion = 1;
	classes = {
	};
	objectVersion = 46;
	objects = {

/* Begin PBXBuildFile section */
		790D3C0E1C880B5000AF5A3B /* main.cpp in Sources */ = {isa = PBXBuildFile; fileRef = 790D3C0D1C880B5000AF5A3B /* main.cpp */; };
/* End PBXBuildFile section */

/* Begin PBXCopyFilesBuildPhase section */
		790D3C081C880B5000AF5A3B /* CopyFiles */ = {
			isa = PBXCopyFilesBuildPhase;
			buildActionMask = 2147483647;
			dstPath = /usr/share/man/man1/;
			dstSubfolderSpec = 0;
			files = (
			);
			runOnlyForDeploymentPostprocessing = 1;
		};
/* End PBXCopyFilesBuildPhase section */

/* Begin PBXFileReference section */
		790D3C0A1C880B5000AF5A3B /* solutions */ = {isa = PBXFileReference; explicitFileType = "compiled.mach-o.executable"; includeInIndex = 0; path = solutions; sourceTree = BUILT_PRODUCTS_DIR; };
		790D3C0D1C880B5000AF5A3B /* main.cpp */ = {isa = PBXFileReference; lastKnownFileType = sourcecode.cpp.cpp; path = main.cpp; sourceTree = "<group>"; };
		790D3C141C880C0B00AF5A3B /* Staircase.h */ = {isa = PBXFileReference; lastKnownFileType = sourcecode.c.h; path = Staircase.h; sourceTree = "<group>"; };
		790D3C171C880CF700AF5A3B /* PlusMinus.h */ = {isa = PBXFileReference; lastKnownFileType = sourcecode.c.h; path = PlusMinus.h; sourceTree = "<group>"; };
/* End PBXFileReference section */

/* Begin PBXFrameworksBuildPhase section */
		790D3C071C880B5000AF5A3B /* Frameworks */ = {
			isa = PBXFrameworksBuildPhase;
			buildActionMask = 2147483647;
			files = (
			);
			runOnlyForDeploymentPostprocessing = 0;
		};
/* End PBXFrameworksBuildPhase section */

/* Begin PBXGroup section */
		790D3C011C880B5000AF5A3B = {
			isa = PBXGroup;
			children = (
				790D3C0C1C880B5000AF5A3B /* solutions */,
				790D3C0B1C880B5000AF5A3B /* Products */,
			);
			sourceTree = "<group>";
		};
		790D3C0B1C880B5000AF5A3B /* Products */ = {
			isa = PBXGroup;
			children = (
				790D3C0A1C880B5000AF5A3B /* solutions */,
			);
			name = Products;
			sourceTree = "<group>";
		};
		790D3C0C1C880B5000AF5A3B /* solutions */ = {
			isa = PBXGroup;
			children = (
				790D3C151C880C5800AF5A3B /* hackerrank */,
				790D3C0D1C880B5000AF5A3B /* main.cpp */,
			);
			path = solutions;
			sourceTree = "<group>";
		};
		790D3C151C880C5800AF5A3B /* hackerrank */ = {
			isa = PBXGroup;
			children = (
				790D3C161C880C8900AF5A3B /* algorithms */,
			);
			name = hackerrank;
			sourceTree = "<group>";
		};
		790D3C161C880C8900AF5A3B /* algorithms */ = {
			isa = PBXGroup;
			children = (
				790D3C141C880C0B00AF5A3B /* Staircase.h */,
				790D3C171C880CF700AF5A3B /* PlusMinus.h */,
			);
			name = algorithms;
			sourceTree = "<group>";
		};
/* End PBXGroup section */

/* Begin PBXNativeTarget section */
		790D3C091C880B5000AF5A3B /* solutions */ = {
			isa = PBXNativeTarget;
			buildConfigurationList = 790D3C111C880B5000AF5A3B /* Build configuration list for PBXNativeTarget "solutions" */;
			buildPhases = (
				790D3C061C880B5000AF5A3B /* Sources */,
				790D3C071C880B5000AF5A3B /* Frameworks */,
				790D3C081C880B5000AF5A3B /* CopyFiles */,
			);
			buildRules = (
			);
			dependencies = (
			);
			name = solutions;
			productName = solutions;
			productReference = 790D3C0A1C880B5000AF5A3B /* solutions */;
			productType = "com.apple.product-type.tool";
		};
/* End PBXNativeTarget section */

/* Begin PBXProject section */
		790D3C021C880B5000AF5A3B /* Project object */ = {
			isa = PBXProject;
			attributes = {
				LastUpgradeCheck = 0720;
				ORGANIZATIONNAME = "Stephen Rawson";
				TargetAttributes = {
					790D3C091C880B5000AF5A3B = {
						CreatedOnToolsVersion = 7.2;
					};
				};
			};
			buildConfigurationList = 790D3C051C880B5000AF5A3B /* Build configuration list for PBXProject "solutions" */;
			compatibilityVersion = "Xcode 3.2";
			developmentRegion = English;
			hasScannedForEncodings = 0;
			knownRegions = (
				en,
			);
			mainGroup = 790D3C011C880B5000AF5A3B;
			productRefGroup = 790D3C0B1C880B5000AF5A3B /* Products */;
			projectDirPath = "";
			projectRoot = "";
			targets = (
				790D3C091C880B5000AF5A3B /* solutions */,
			);
		};
/* End PBXProject section */

/* Begin PBXSourcesBuildPhase section */
		790D3C061C880B5000AF5A3B /* Sources */ = {
			isa = PBXSourcesBuildPhase;
			buildActionMask = 2147483647;
			files = (
				790D3C0E1C880B5000AF5A3B /* main.cpp in Sources */,
			);
			runOnlyForDeploymentPostprocessing = 0;
		};
/* End PBXSourcesBuildPhase section */

/* Begin XCBuildConfiguration section */
		790D3C0F1C880B5000AF5A3B /* Debug */ = {
			isa = XCBuildConfiguration;
			buildSettings = {
				ALWAYS_SEARCH_USER_PATHS = NO;
				CLANG_CXX_LANGUAGE_STANDARD = "gnu++0x";
				CLANG_CXX_LIBRARY = "libc++";
				CLANG_ENABLE_MODULES = YES;
				CLANG_ENABLE_OBJC_ARC = YES;
				CLANG_WARN_BOOL_CONVERSION = YES;
				CLANG_WARN_CONSTANT_CONVERSION = YES;
				CLANG_WARN_DIRECT_OBJC_ISA_USAGE = YES_ERROR;
				CLANG_WARN_EMPTY_BODY = YES;
				CLANG_WARN_ENUM_CONVERSION = YES;
				CLANG_WARN_INT_CONVERSION = YES;
				CLANG_WARN_OBJC_ROOT_CLASS = YES_ERROR;
				CLANG_WARN_UNREACHABLE_CODE = YES;
				CLANG_WARN__DUPLICATE_METHOD_MATCH = YES;
				CODE_SIGN_IDENTITY = "-";
				COPY_PHASE_STRIP = NO;
				DEBUG_INFORMATION_FORMAT = dwarf;
				ENABLE_STRICT_OBJC_MSGSEND = YES;
				ENABLE_TESTABILITY = YES;
				GCC_C_LANGUAGE_STANDARD = gnu99;
				GCC_DYNAMIC_NO_PIC = NO;
				GCC_NO_COMMON_BLOCKS = YES;
				GCC_OPTIMIZATION_LEVEL = 0;
				GCC_PREPROCESSOR_DEFINITIONS = (
					"DEBUG=1",
					"$(inherited)",
				);
				GCC_WARN_64_TO_32_BIT_CONVERSION = YES;
				GCC_WARN_ABOUT_RETURN_TYPE = YES_ERROR;
				GCC_WARN_UNDECLARED_SELECTOR = YES;
				GCC_WARN_UNINITIALIZED_AUTOS = YES_AGGRESSIVE;
				GCC_WARN_UNUSED_FUNCTION = YES;
				GCC_WARN_UNUSED_VARIABLE = YES;
				MACOSX_DEPLOYMENT_TARGET = 10.11;
				MTL_ENABLE_DEBUG_INFO = YES;
				ONLY_ACTIVE_ARCH = YES;
				SDKROOT = macosx;
			};
			name = Debug;
		};
		790D3C101C880B5000AF5A3B /* Release */ = {
			isa = XCBuildConfiguration;
			buildSettings = {
				ALWAYS_SEARCH_USER_PATHS = NO;
				CLANG_CXX_LANGUAGE_STANDARD = "gnu++0x";
				CLANG_CXX_LIBRARY = "libc++";
				CLANG_ENABLE_MODULES = YES;
				CLANG_ENABLE_OBJC_ARC = YES;
				CLANG_WARN_BOOL_CONVERSION = YES;
				CLANG_WARN_CONSTANT_CONVERSION = YES;
				CLANG_WARN_DIRECT_OBJC_ISA_USAGE = YES_ERROR;
				CLANG_WARN_EMPTY_BODY = YES;
				CLANG_WARN_ENUM_CONVERSION = YES;
				CLANG_WARN_INT_CONVERSION = YES;
				CLANG_WARN_OBJC_ROOT_CLASS = YES_ERROR;
				CLANG_WARN_UNREACHABLE_CODE = YES;
				CLANG_WARN__DUPLICATE_METHOD_MATCH = YES;
				CODE_SIGN_IDENTITY = "-";
				COPY_PHASE_STRIP = NO;
				DEBUG_INFORMATION_FORMAT = "dwarf-with-dsym";
				ENABLE_NS_ASSERTIONS = NO;
				ENABLE_STRICT_OBJC_MSGSEND = YES;
				GCC_C_LANGUAGE_STANDARD = gnu99;
				GCC_NO_COMMON_BLOCKS = YES;
				GCC_WARN_64_TO_32_BIT_CONVERSION = YES;
				GCC_WARN_ABOUT_RETURN_TYPE = YES_ERROR;
				GCC_WARN_UNDECLARED_SELECTOR = YES;
				GCC_WARN_UNINITIALIZED_AUTOS = YES_AGGRESSIVE;
				GCC_WARN_UNUSED_FUNCTION = YES;
				GCC_WARN_UNUSED_VARIABLE = YES;
				MACOSX_DEPLOYMENT_TARGET = 10.11;
				MTL_ENABLE_DEBUG_INFO = NO;
				SDKROOT = macosx;
			};
			name = Release;
		};
		790D3C121C880B5000AF5A3B /* Debug */ = {
			isa = XCBuildConfiguration;
			buildSettings = {
				PRODUCT_NAME = "$(TARGET_NAME)";
			};
			name = Debug;
		};
		790D3C131C880B5000AF5A3B /* Release */ = {
			isa = XCBuildConfiguration;
			buildSettings = {
				PRODUCT_NAME = "$(TARGET_NAME)";
			};
			name = Release;
		};
/* End XCBuildConfiguration section */

/* Begin XCConfigurationList section */
		790D3C051C880B5000AF5A3B /* Build configuration list for PBXProject "solutions" */ = {
			isa = XCConfigurationList;
			buildConfigurations = (
				790D3C0F1C880B5000AF5A3B /* Debug */,
				790D3C101C880B5000AF5A3B /* Release */,
			);
			defaultConfigurationIsVisible = 0;
			defaultConfigurationName = Release;
		};
		790D3C111C880B5000AF5A3B /* Build configuration list for PBXNativeTarget "solutions" */ = {
			isa = XCConfigurationList;
			buildConfigurations = (
				790D3C121C880B5000AF5A3B /* Debug */,
				790D3C131C880B5000AF5A3B /* Release */,
			);
			defaultConfigurationIsVisible = 0;
		};
/* End XCConfigurationList section */
	};
	rootObject = 790D3C021C880B5000AF5A3B /* Project object */;
}
